
Microsoft Visual Studio Solution File, Format Version 12.00
# Visual Studio Version 17
VisualStudioVersion = 17.0.31808.319
MinimumVisualStudioVersion = 10.0.40219.1
Project("{9A19103F-16F7-4668-BE54-9A1E7A4F7556}") = "Vortice.Win32", "src\Vortice.Win32\Vortice.Win32.csproj", "{428306C9-6B88-4296-AD5C-82778B3D675B}"
EndProject
Project("{9A19103F-16F7-4668-BE54-9A1E7A4F7556}") = "Generator", "src\Generator\Generator.csproj", "{41382FC3-7129-46CA-9D0F-52302C1ED692}"
EndProject
Project("{2150E333-8FDC-42A3-9474-1A3956D46DE8}") = "samples", "samples", "{08F6AF96-809B-45C5-BE6C-5BAB7D9AFB60}"
EndProject
Project("{9A19103F-16F7-4668-BE54-9A1E7A4F7556}") = "01-ClearScreen", "src\samples\01-ClearScreen\01-ClearScreen.csproj", "{5A10816D-90A4-4AEA-B06E-6A463DA4A891}"
EndProject
Project("{2150E333-8FDC-42A3-9474-1A3956D46DE8}") = "build", "build", "{065268A8-16E6-4CFF-8F67-3FD99155877F}"
	ProjectSection(SolutionItems) = preProject
		.editorconfig = .editorconfig
		.gitignore = .gitignore
		Directory.Build.props = Directory.Build.props
		Directory.Build.targets = Directory.Build.targets
		Directory.Packages.props = Directory.Packages.props
		global.json = global.json
		LICENSE = LICENSE
		NuGet.config = NuGet.config
		README.md = README.md
	EndProjectSection
EndProject
Project("{9A19103F-16F7-4668-BE54-9A1E7A4F7556}") = "Vortice.Win32.Graphics.Direct3D12", "src\Vortice.Win32.Graphics.Direct3D12\Vortice.Win32.Graphics.Direct3D12.csproj", "{020F2D80-B3D0-4AB2-AC4D-25F51028E502}"
EndProject
Project("{9A19103F-16F7-4668-BE54-9A1E7A4F7556}") = "Vortice.Win32.Graphics.Direct3D11", "src\Vortice.Win32.Graphics.Direct3D11\Vortice.Win32.Graphics.Direct3D11.csproj", "{32CE7567-8C9E-43AD-9543-1F0A8CA1CA76}"
EndProject
Project("{9A19103F-16F7-4668-BE54-9A1E7A4F7556}") = "Vortice.Win32.Graphics.Direct3D11on12", "src\Vortice.Win32.Graphics.Direct3D11on12\Vortice.Win32.Graphics.Direct3D11on12.csproj", "{978D804A-9F52-4ED4-95D9-BBED341E48A6}"
EndProject
Project("{9A19103F-16F7-4668-BE54-9A1E7A4F7556}") = "Vortice.Win32.Graphics.Imaging", "src\Vortice.Win32.Graphics.Imaging\Vortice.Win32.Graphics.Imaging.csproj", "{08019242-4899-448C-AA40-9F72F3BBE9AD}"
EndProject
Project("{9A19103F-16F7-4668-BE54-9A1E7A4F7556}") = "Vortice.Win32.Graphics.DirectWrite", "src\Vortice.Win32.Graphics.DirectWrite\Vortice.Win32.Graphics.DirectWrite.csproj", "{CB383B94-16DF-4937-9CAD-15DE1DC77B3A}"
EndProject
Project("{9A19103F-16F7-4668-BE54-9A1E7A4F7556}") = "Vortice.Win32.Graphics.Direct2D", "src\Vortice.Win32.Graphics.Direct2D\Vortice.Win32.Graphics.Direct2D.csproj", "{942D599C-CDAC-479A-825E-1B7B84DE1328}"
EndProject
Project("{9A19103F-16F7-4668-BE54-9A1E7A4F7556}") = "Vortice.Win32.Graphics.Direct3D.Dxc", "src\Vortice.Win32.Graphics.Direct3D.Dxc\Vortice.Win32.Graphics.Direct3D.Dxc.csproj", "{DF5C7A6F-8E17-41EC-A7F1-9FE03ACD75F3}"
EndProject
Project("{9A19103F-16F7-4668-BE54-9A1E7A4F7556}") = "Vortice.Win32.Graphics.Dxgi", "src\Vortice.Win32.Graphics.Dxgi\Vortice.Win32.Graphics.Dxgi.csproj", "{9E48F17C-2AC5-45F3-8B08-3BB51690C040}"
EndProject
Project("{9A19103F-16F7-4668-BE54-9A1E7A4F7556}") = "Vortice.Win32.Graphics.Direct3D.Fxc", "src\Vortice.Win32.Graphics.Direct3D.Fxc\Vortice.Win32.Graphics.Direct3D.Fxc.csproj", "{65052A2C-E59E-4A75-B15D-2276225D859C}"
EndProject
Project("{9A19103F-16F7-4668-BE54-9A1E7A4F7556}") = "Vortice.Win32.Graphics.DirectComposition", "src\Vortice.Win32.Graphics.DirectComposition\Vortice.Win32.Graphics.DirectComposition.csproj", "{F7EBB80F-26EA-4C64-9454-C087BBC43549}"
EndProject
Global
	GlobalSection(SolutionConfigurationPlatforms) = preSolution
		Debug|Any CPU = Debug|Any CPU
		Release|Any CPU = Release|Any CPU
	EndGlobalSection
	GlobalSection(ProjectConfigurationPlatforms) = postSolution
		{428306C9-6B88-4296-AD5C-82778B3D675B}.Debug|Any CPU.ActiveCfg = Debug|Any CPU
		{428306C9-6B88-4296-AD5C-82778B3D675B}.Debug|Any CPU.Build.0 = Debug|Any CPU
		{428306C9-6B88-4296-AD5C-82778B3D675B}.Release|Any CPU.ActiveCfg = Release|Any CPU
		{428306C9-6B88-4296-AD5C-82778B3D675B}.Release|Any CPU.Build.0 = Release|Any CPU
		{41382FC3-7129-46CA-9D0F-52302C1ED692}.Debug|Any CPU.ActiveCfg = Debug|Any CPU
		{41382FC3-7129-46CA-9D0F-52302C1ED692}.Debug|Any CPU.Build.0 = Debug|Any CPU
		{41382FC3-7129-46CA-9D0F-52302C1ED692}.Release|Any CPU.ActiveCfg = Release|Any CPU
		{41382FC3-7129-46CA-9D0F-52302C1ED692}.Release|Any CPU.Build.0 = Release|Any CPU
		{5A10816D-90A4-4AEA-B06E-6A463DA4A891}.Debug|Any CPU.ActiveCfg = Debug|Any CPU
		{5A10816D-90A4-4AEA-B06E-6A463DA4A891}.Debug|Any CPU.Build.0 = Debug|Any CPU
		{5A10816D-90A4-4AEA-B06E-6A463DA4A891}.Release|Any CPU.ActiveCfg = Release|Any CPU
		{5A10816D-90A4-4AEA-B06E-6A463DA4A891}.Release|Any CPU.Build.0 = Release|Any CPU
		{020F2D80-B3D0-4AB2-AC4D-25F51028E502}.Debug|Any CPU.ActiveCfg = Debug|Any CPU
		{020F2D80-B3D0-4AB2-AC4D-25F51028E502}.Debug|Any CPU.Build.0 = Debug|Any CPU
		{020F2D80-B3D0-4AB2-AC4D-25F51028E502}.Release|Any CPU.ActiveCfg = Release|Any CPU
		{020F2D80-B3D0-4AB2-AC4D-25F51028E502}.Release|Any CPU.Build.0 = Release|Any CPU
		{32CE7567-8C9E-43AD-9543-1F0A8CA1CA76}.Debug|Any CPU.ActiveCfg = Debug|Any CPU
		{32CE7567-8C9E-43AD-9543-1F0A8CA1CA76}.Debug|Any CPU.Build.0 = Debug|Any CPU
		{32CE7567-8C9E-43AD-9543-1F0A8CA1CA76}.Release|Any CPU.ActiveCfg = Release|Any CPU
		{32CE7567-8C9E-43AD-9543-1F0A8CA1CA76}.Release|Any CPU.Build.0 = Release|Any CPU
		{978D804A-9F52-4ED4-95D9-BBED341E48A6}.Debug|Any CPU.ActiveCfg = Debug|Any CPU
		{978D804A-9F52-4ED4-95D9-BBED341E48A6}.Debug|Any CPU.Build.0 = Debug|Any CPU
		{978D804A-9F52-4ED4-95D9-BBED341E48A6}.Release|Any CPU.ActiveCfg = Release|Any CPU
		{978D804A-9F52-4ED4-95D9-BBED341E48A6}.Release|Any CPU.Build.0 = Release|Any CPU
		{08019242-4899-448C-AA40-9F72F3BBE9AD}.Debug|Any CPU.ActiveCfg = Debug|Any CPU
		{08019242-4899-448C-AA40-9F72F3BBE9AD}.Debug|Any CPU.Build.0 = Debug|Any CPU
		{08019242-4899-448C-AA40-9F72F3BBE9AD}.Release|Any CPU.ActiveCfg = Release|Any CPU
		{08019242-4899-448C-AA40-9F72F3BBE9AD}.Release|Any CPU.Build.0 = Release|Any CPU
		{CB383B94-16DF-4937-9CAD-15DE1DC77B3A}.Debug|Any CPU.ActiveCfg = Debug|Any CPU
		{CB383B94-16DF-4937-9CAD-15DE1DC77B3A}.Debug|Any CPU.Build.0 = Debug|Any CPU
		{CB383B94-16DF-4937-9CAD-15DE1DC77B3A}.Release|Any CPU.ActiveCfg = Release|Any CPU
		{CB383B94-16DF-4937-9CAD-15DE1DC77B3A}.Release|Any CPU.Build.0 = Release|Any CPU
		{942D599C-CDAC-479A-825E-1B7B84DE1328}.Debug|Any CPU.ActiveCfg = Debug|Any CPU
		{942D599C-CDAC-479A-825E-1B7B84DE1328}.Debug|Any CPU.Build.0 = Debug|Any CPU
		{942D599C-CDAC-479A-825E-1B7B84DE1328}.Release|Any CPU.ActiveCfg = Release|Any CPU
		{942D599C-CDAC-479A-825E-1B7B84DE1328}.Release|Any CPU.Build.0 = Release|Any CPU
		{DF5C7A6F-8E17-41EC-A7F1-9FE03ACD75F3}.Debug|Any CPU.ActiveCfg = Debug|Any CPU
		{DF5C7A6F-8E17-41EC-A7F1-9FE03ACD75F3}.Debug|Any CPU.Build.0 = Debug|Any CPU
		{DF5C7A6F-8E17-41EC-A7F1-9FE03ACD75F3}.Release|Any CPU.ActiveCfg = Release|Any CPU
		{DF5C7A6F-8E17-41EC-A7F1-9FE03ACD75F3}.Release|Any CPU.Build.0 = Release|Any CPU
		{9E48F17C-2AC5-45F3-8B08-3BB51690C040}.Debug|Any CPU.ActiveCfg = Debug|Any CPU
		{9E48F17C-2AC5-45F3-8B08-3BB51690C040}.Debug|Any CPU.Build.0 = Debug|Any CPU
		{9E48F17C-2AC5-45F3-8B08-3BB51690C040}.Release|Any CPU.ActiveCfg = Release|Any CPU
		{9E48F17C-2AC5-45F3-8B08-3BB51690C040}.Release|Any CPU.Build.0 = Release|Any CPU
		{65052A2C-E59E-4A75-B15D-2276225D859C}.Debug|Any CPU.ActiveCfg = Debug|Any CPU
		{65052A2C-E59E-4A75-B15D-2276225D859C}.Debug|Any CPU.Build.0 = Debug|Any CPU
		{65052A2C-E59E-4A75-B15D-2276225D859C}.Release|Any CPU.ActiveCfg = Release|Any CPU
		{65052A2C-E59E-4A75-B15D-2276225D859C}.Release|Any CPU.Build.0 = Release|Any CPU
		{F7EBB80F-26EA-4C64-9454-C087BBC43549}.Debug|Any CPU.ActiveCfg = Debug|Any CPU
		{F7EBB80F-26EA-4C64-9454-C087BBC43549}.Debug|Any CPU.Build.0 = Debug|Any CPU
		{F7EBB80F-26EA-4C64-9454-C087BBC43549}.Release|Any CPU.ActiveCfg = Release|Any CPU
		{F7EBB80F-26EA-4C64-9454-C087BBC43549}.Release|Any CPU.Build.0 = Release|Any CPU
	EndGlobalSection
	GlobalSection(SolutionProperties) = preSolution
		HideSolutionNode = FALSE
	EndGlobalSection
	GlobalSection(NestedProjects) = preSolution
		{5A10816D-90A4-4AEA-B06E-6A463DA4A891} = {08F6AF96-809B-45C5-BE6C-5BAB7D9AFB60}
	EndGlobalSection
	GlobalSection(ExtensibilityGlobals) = postSolution
		SolutionGuid = {DF0375B3-E304-4A53-8E5F-FC9D23743647}
	EndGlobalSection
EndGlobal
